
Microsoft Visual Studio Solution File, Format Version 12.00
# Visual Studio 15
VisualStudioVersion = 15.0.26730.12
MinimumVisualStudioVersion = 10.0.40219.1
Project("{00D1A9C2-B5F0-4AF3-8072-F6C62B433612}") = "ImgDbSqlServer", "ImgDbSqlServer\ImgDbSqlServer.sqlproj", "{564306FF-76E7-4C0A-A94C-D4ED4AD635CC}"
EndProject
Global
	GlobalSection(SolutionConfigurationPlatforms) = preSolution
		Debug|Any CPU = Debug|Any CPU
		Release|Any CPU = Release|Any CPU
	EndGlobalSection
	GlobalSection(ProjectConfigurationPlatforms) = postSolution
		{564306FF-76E7-4C0A-A94C-D4ED4AD635CC}.Debug|Any CPU.ActiveCfg = Debug|Any CPU
		{564306FF-76E7-4C0A-A94C-D4ED4AD635CC}.Debug|Any CPU.Build.0 = Debug|Any CPU
		{564306FF-76E7-4C0A-A94C-D4ED4AD635CC}.Debug|Any CPU.Deploy.0 = Debug|Any CPU
		{564306FF-76E7-4C0A-A94C-D4ED4AD635CC}.Release|Any CPU.ActiveCfg = Release|Any CPU
		{564306FF-76E7-4C0A-A94C-D4ED4AD635CC}.Release|Any CPU.Build.0 = Release|Any CPU
		{564306FF-76E7-4C0A-A94C-D4ED4AD635CC}.Release|Any CPU.Deploy.0 = Release|Any CPU
	EndGlobalSection
	GlobalSection(SolutionProperties) = preSolution
		HideSolutionNode = FALSE
	EndGlobalSection
	GlobalSection(ExtensibilityGlobals) = postSolution
		SolutionGuid = {4D19DCF9-52B2-4604-8B9C-4CAD42CB6D64}
	EndGlobalSection
EndGlobal
